
Microsoft Visual Studio Solution File, Format Version 12.00
# Visual Studio 14
VisualStudioVersion = 14.0.25420.1
MinimumVisualStudioVersion = 10.0.40219.1
Project("{FAE04EC0-301F-11D3-BF4B-00C04F79EFBC}") = "XamarinBot.Droid", "XamarinBot\XamarinBot.Droid\XamarinBot.Droid.csproj", "{73FB8028-9EAE-45F7-A14B-10BEAD35270C}"
EndProject
Project("{FAE04EC0-301F-11D3-BF4B-00C04F79EFBC}") = "XamarinBot.iOS", "XamarinBot\XamarinBot.iOS\XamarinBot.iOS.csproj", "{78E5186C-25EF-4370-8DF9-ABE6A76CE463}"
EndProject
Project("{FAE04EC0-301F-11D3-BF4B-00C04F79EFBC}") = "XamarinBot.WinPhone", "XamarinBot\XamarinBot.WinPhone\XamarinBot.WinPhone.csproj", "{9887650E-4180-4B1B-BAA4-9584BD30CF42}"
EndProject
Project("{FAE04EC0-301F-11D3-BF4B-00C04F79EFBC}") = "XamarinBot.UWP", "XamarinBot\XamarinBot.UWP\XamarinBot.UWP.csproj", "{555D2A09-8EAA-4B2A-8F5F-BB2B9D34535C}"
EndProject
Project("{FAE04EC0-301F-11D3-BF4B-00C04F79EFBC}") = "XamarinBot.Windows", "XamarinBot\XamarinBot.Windows\XamarinBot.Windows.csproj", "{5FDF1F26-850F-4749-B518-CA89D608E9B7}"
EndProject
Project("{D954291E-2A0B-460D-934E-DC6B0785DB48}") = "XamarinBot", "XamarinBot\XamarinBot\XamarinBot.shproj", "{E58CA835-0208-4AD1-8DA5-59F8C28029F4}"
EndProject
Global
	GlobalSection(SharedMSBuildProjectFiles) = preSolution
		XamarinBot\XamarinBot\XamarinBot.projitems*{555d2a09-8eaa-4b2a-8f5f-bb2b9d34535c}*SharedItemsImports = 4
		XamarinBot\XamarinBot\XamarinBot.projitems*{5fdf1f26-850f-4749-b518-ca89d608e9b7}*SharedItemsImports = 4
		XamarinBot\XamarinBot\XamarinBot.projitems*{73fb8028-9eae-45f7-a14b-10bead35270c}*SharedItemsImports = 4
		XamarinBot\XamarinBot\XamarinBot.projitems*{78e5186c-25ef-4370-8df9-abe6a76ce463}*SharedItemsImports = 4
		XamarinBot\XamarinBot\XamarinBot.projitems*{9887650e-4180-4b1b-baa4-9584bd30cf42}*SharedItemsImports = 4
		XamarinBot\XamarinBot\XamarinBot.projitems*{e58ca835-0208-4ad1-8da5-59f8c28029f4}*SharedItemsImports = 13
	EndGlobalSection
	GlobalSection(SolutionConfigurationPlatforms) = preSolution
		Ad-Hoc|Any CPU = Ad-Hoc|Any CPU
		Ad-Hoc|ARM = Ad-Hoc|ARM
		Ad-Hoc|iPhone = Ad-Hoc|iPhone
		Ad-Hoc|iPhoneSimulator = Ad-Hoc|iPhoneSimulator
		Ad-Hoc|x64 = Ad-Hoc|x64
		Ad-Hoc|x86 = Ad-Hoc|x86
		AppStore|Any CPU = AppStore|Any CPU
		AppStore|ARM = AppStore|ARM
		AppStore|iPhone = AppStore|iPhone
		AppStore|iPhoneSimulator = AppStore|iPhoneSimulator
		AppStore|x64 = AppStore|x64
		AppStore|x86 = AppStore|x86
		Debug|Any CPU = Debug|Any CPU
		Debug|ARM = Debug|ARM
		Debug|iPhone = Debug|iPhone
		Debug|iPhoneSimulator = Debug|iPhoneSimulator
		Debug|x64 = Debug|x64
		Debug|x86 = Debug|x86
		Release|Any CPU = Release|Any CPU
		Release|ARM = Release|ARM
		Release|iPhone = Release|iPhone
		Release|iPhoneSimulator = Release|iPhoneSimulator
		Release|x64 = Release|x64
		Release|x86 = Release|x86
	EndGlobalSection
	GlobalSection(ProjectConfigurationPlatforms) = postSolution
		{73FB8028-9EAE-45F7-A14B-10BEAD35270C}.Ad-Hoc|Any CPU.ActiveCfg = Release|Any CPU
		{73FB8028-9EAE-45F7-A14B-10BEAD35270C}.Ad-Hoc|Any CPU.Build.0 = Release|Any CPU
		{73FB8028-9EAE-45F7-A14B-10BEAD35270C}.Ad-Hoc|Any CPU.Deploy.0 = Release|Any CPU
		{73FB8028-9EAE-45F7-A14B-10BEAD35270C}.Ad-Hoc|ARM.ActiveCfg = Release|Any CPU
		{73FB8028-9EAE-45F7-A14B-10BEAD35270C}.Ad-Hoc|ARM.Build.0 = Release|Any CPU
		{73FB8028-9EAE-45F7-A14B-10BEAD35270C}.Ad-Hoc|ARM.Deploy.0 = Release|Any CPU
		{73FB8028-9EAE-45F7-A14B-10BEAD35270C}.Ad-Hoc|iPhone.ActiveCfg = Release|Any CPU
		{73FB8028-9EAE-45F7-A14B-10BEAD35270C}.Ad-Hoc|iPhone.Build.0 = Release|Any CPU
		{73FB8028-9EAE-45F7-A14B-10BEAD35270C}.Ad-Hoc|iPhone.Deploy.0 = Release|Any CPU
		{73FB8028-9EAE-45F7-A14B-10BEAD35270C}.Ad-Hoc|iPhoneSimulator.ActiveCfg = Release|Any CPU
		{73FB8028-9EAE-45F7-A14B-10BEAD35270C}.Ad-Hoc|iPhoneSimulator.Build.0 = Release|Any CPU
		{73FB8028-9EAE-45F7-A14B-10BEAD35270C}.Ad-Hoc|iPhoneSimulator.Deploy.0 = Release|Any CPU
		{73FB8028-9EAE-45F7-A14B-10BEAD35270C}.Ad-Hoc|x64.ActiveCfg = Release|Any CPU
		{73FB8028-9EAE-45F7-A14B-10BEAD35270C}.Ad-Hoc|x64.Build.0 = Release|Any CPU
		{73FB8028-9EAE-45F7-A14B-10BEAD35270C}.Ad-Hoc|x64.Deploy.0 = Release|Any CPU
		{73FB8028-9EAE-45F7-A14B-10BEAD35270C}.Ad-Hoc|x86.ActiveCfg = Release|Any CPU
		{73FB8028-9EAE-45F7-A14B-10BEAD35270C}.Ad-Hoc|x86.Build.0 = Release|Any CPU
		{73FB8028-9EAE-45F7-A14B-10BEAD35270C}.Ad-Hoc|x86.Deploy.0 = Release|Any CPU
		{73FB8028-9EAE-45F7-A14B-10BEAD35270C}.AppStore|Any CPU.ActiveCfg = Release|Any CPU
		{73FB8028-9EAE-45F7-A14B-10BEAD35270C}.AppStore|Any CPU.Build.0 = Release|Any CPU
		{73FB8028-9EAE-45F7-A14B-10BEAD35270C}.AppStore|Any CPU.Deploy.0 = Release|Any CPU
		{73FB8028-9EAE-45F7-A14B-10BEAD35270C}.AppStore|ARM.ActiveCfg = Release|Any CPU
		{73FB8028-9EAE-45F7-A14B-10BEAD35270C}.AppStore|ARM.Build.0 = Release|Any CPU
		{73FB8028-9EAE-45F7-A14B-10BEAD35270C}.AppStore|ARM.Deploy.0 = Release|Any CPU
		{73FB8028-9EAE-45F7-A14B-10BEAD35270C}.AppStore|iPhone.ActiveCfg = Release|Any CPU
		{73FB8028-9EAE-45F7-A14B-10BEAD35270C}.AppStore|iPhone.Build.0 = Release|Any CPU
		{73FB8028-9EAE-45F7-A14B-10BEAD35270C}.AppStore|iPhone.Deploy.0 = Release|Any CPU
		{73FB8028-9EAE-45F7-A14B-10BEAD35270C}.AppStore|iPhoneSimulator.ActiveCfg = Release|Any CPU
		{73FB8028-9EAE-45F7-A14B-10BEAD35270C}.AppStore|iPhoneSimulator.Build.0 = Release|Any CPU
		{73FB8028-9EAE-45F7-A14B-10BEAD35270C}.AppStore|iPhoneSimulator.Deploy.0 = Release|Any CPU
		{73FB8028-9EAE-45F7-A14B-10BEAD35270C}.AppStore|x64.ActiveCfg = Release|Any CPU
		{73FB8028-9EAE-45F7-A14B-10BEAD35270C}.AppStore|x64.Build.0 = Release|Any CPU
		{73FB8028-9EAE-45F7-A14B-10BEAD35270C}.AppStore|x64.Deploy.0 = Release|Any CPU
		{73FB8028-9EAE-45F7-A14B-10BEAD35270C}.AppStore|x86.ActiveCfg = Release|Any CPU
		{73FB8028-9EAE-45F7-A14B-10BEAD35270C}.AppStore|x86.Build.0 = Release|Any CPU
		{73FB8028-9EAE-45F7-A14B-10BEAD35270C}.AppStore|x86.Deploy.0 = Release|Any CPU
		{73FB8028-9EAE-45F7-A14B-10BEAD35270C}.Debug|Any CPU.ActiveCfg = Debug|Any CPU
		{73FB8028-9EAE-45F7-A14B-10BEAD35270C}.Debug|Any CPU.Build.0 = Debug|Any CPU
		{73FB8028-9EAE-45F7-A14B-10BEAD35270C}.Debug|Any CPU.Deploy.0 = Debug|Any CPU
		{73FB8028-9EAE-45F7-A14B-10BEAD35270C}.Debug|ARM.ActiveCfg = Debug|Any CPU
		{73FB8028-9EAE-45F7-A14B-10BEAD35270C}.Debug|ARM.Build.0 = Debug|Any CPU
		{73FB8028-9EAE-45F7-A14B-10BEAD35270C}.Debug|ARM.Deploy.0 = Debug|Any CPU
		{73FB8028-9EAE-45F7-A14B-10BEAD35270C}.Debug|iPhone.ActiveCfg = Debug|Any CPU
		{73FB8028-9EAE-45F7-A14B-10BEAD35270C}.Debug|iPhone.Build.0 = Debug|Any CPU
		{73FB8028-9EAE-45F7-A14B-10BEAD35270C}.Debug|iPhone.Deploy.0 = Debug|Any CPU
		{73FB8028-9EAE-45F7-A14B-10BEAD35270C}.Debug|iPhoneSimulator.ActiveCfg = Debug|Any CPU
		{73FB8028-9EAE-45F7-A14B-10BEAD35270C}.Debug|iPhoneSimulator.Build.0 = Debug|Any CPU
		{73FB8028-9EAE-45F7-A14B-10BEAD35270C}.Debug|iPhoneSimulator.Deploy.0 = Debug|Any CPU
		{73FB8028-9EAE-45F7-A14B-10BEAD35270C}.Debug|x64.ActiveCfg = Debug|Any CPU
		{73FB8028-9EAE-45F7-A14B-10BEAD35270C}.Debug|x64.Build.0 = Debug|Any CPU
		{73FB8028-9EAE-45F7-A14B-10BEAD35270C}.Debug|x64.Deploy.0 = Debug|Any CPU
		{73FB8028-9EAE-45F7-A14B-10BEAD35270C}.Debug|x86.ActiveCfg = Debug|Any CPU
		{73FB8028-9EAE-45F7-A14B-10BEAD35270C}.Debug|x86.Build.0 = Debug|Any CPU
		{73FB8028-9EAE-45F7-A14B-10BEAD35270C}.Debug|x86.Deploy.0 = Debug|Any CPU
		{73FB8028-9EAE-45F7-A14B-10BEAD35270C}.Release|Any CPU.ActiveCfg = Release|Any CPU
		{73FB8028-9EAE-45F7-A14B-10BEAD35270C}.Release|Any CPU.Build.0 = Release|Any CPU
		{73FB8028-9EAE-45F7-A14B-10BEAD35270C}.Release|Any CPU.Deploy.0 = Release|Any CPU
		{73FB8028-9EAE-45F7-A14B-10BEAD35270C}.Release|ARM.ActiveCfg = Release|Any CPU
		{73FB8028-9EAE-45F7-A14B-10BEAD35270C}.Release|ARM.Build.0 = Release|Any CPU
		{73FB8028-9EAE-45F7-A14B-10BEAD35270C}.Release|ARM.Deploy.0 = Release|Any CPU
		{73FB8028-9EAE-45F7-A14B-10BEAD35270C}.Release|iPhone.ActiveCfg = Release|Any CPU
		{73FB8028-9EAE-45F7-A14B-10BEAD35270C}.Release|iPhone.Build.0 = Release|Any CPU
		{73FB8028-9EAE-45F7-A14B-10BEAD35270C}.Release|iPhone.Deploy.0 = Release|Any CPU
		{73FB8028-9EAE-45F7-A14B-10BEAD35270C}.Release|iPhoneSimulator.ActiveCfg = Release|Any CPU
		{73FB8028-9EAE-45F7-A14B-10BEAD35270C}.Release|iPhoneSimulator.Build.0 = Release|Any CPU
		{73FB8028-9EAE-45F7-A14B-10BEAD35270C}.Release|iPhoneSimulator.Deploy.0 = Release|Any CPU
		{73FB8028-9EAE-45F7-A14B-10BEAD35270C}.Release|x64.ActiveCfg = Release|Any CPU
		{73FB8028-9EAE-45F7-A14B-10BEAD35270C}.Release|x64.Build.0 = Release|Any CPU
		{73FB8028-9EAE-45F7-A14B-10BEAD35270C}.Release|x64.Deploy.0 = Release|Any CPU
		{73FB8028-9EAE-45F7-A14B-10BEAD35270C}.Release|x86.ActiveCfg = Release|Any CPU
		{73FB8028-9EAE-45F7-A14B-10BEAD35270C}.Release|x86.Build.0 = Release|Any CPU
		{73FB8028-9EAE-45F7-A14B-10BEAD35270C}.Release|x86.Deploy.0 = Release|Any CPU
		{78E5186C-25EF-4370-8DF9-ABE6A76CE463}.Ad-Hoc|Any CPU.ActiveCfg = Ad-Hoc|iPhone
		{78E5186C-25EF-4370-8DF9-ABE6A76CE463}.Ad-Hoc|ARM.ActiveCfg = Ad-Hoc|iPhone
		{78E5186C-25EF-4370-8DF9-ABE6A76CE463}.Ad-Hoc|iPhone.ActiveCfg = Ad-Hoc|iPhone
		{78E5186C-25EF-4370-8DF9-ABE6A76CE463}.Ad-Hoc|iPhone.Build.0 = Ad-Hoc|iPhone
		{78E5186C-25EF-4370-8DF9-ABE6A76CE463}.Ad-Hoc|iPhoneSimulator.ActiveCfg = Ad-Hoc|iPhoneSimulator
		{78E5186C-25EF-4370-8DF9-ABE6A76CE463}.Ad-Hoc|iPhoneSimulator.Build.0 = Ad-Hoc|iPhoneSimulator
		{78E5186C-25EF-4370-8DF9-ABE6A76CE463}.Ad-Hoc|x64.ActiveCfg = Ad-Hoc|iPhone
		{78E5186C-25EF-4370-8DF9-ABE6A76CE463}.Ad-Hoc|x86.ActiveCfg = Ad-Hoc|iPhone
		{78E5186C-25EF-4370-8DF9-ABE6A76CE463}.AppStore|Any CPU.ActiveCfg = AppStore|iPhone
		{78E5186C-25EF-4370-8DF9-ABE6A76CE463}.AppStore|ARM.ActiveCfg = AppStore|iPhone
		{78E5186C-25EF-4370-8DF9-ABE6A76CE463}.AppStore|iPhone.ActiveCfg = AppStore|iPhone
		{78E5186C-25EF-4370-8DF9-ABE6A76CE463}.AppStore|iPhone.Build.0 = AppStore|iPhone
		{78E5186C-25EF-4370-8DF9-ABE6A76CE463}.AppStore|iPhoneSimulator.ActiveCfg = AppStore|iPhoneSimulator
		{78E5186C-25EF-4370-8DF9-ABE6A76CE463}.AppStore|iPhoneSimulator.Build.0 = AppStore|iPhoneSimulator
		{78E5186C-25EF-4370-8DF9-ABE6A76CE463}.AppStore|x64.ActiveCfg = AppStore|iPhone
		{78E5186C-25EF-4370-8DF9-ABE6A76CE463}.AppStore|x86.ActiveCfg = AppStore|iPhone
		{78E5186C-25EF-4370-8DF9-ABE6A76CE463}.Debug|Any CPU.ActiveCfg = Debug|iPhone
		{78E5186C-25EF-4370-8DF9-ABE6A76CE463}.Debug|ARM.ActiveCfg = Debug|iPhone
		{78E5186C-25EF-4370-8DF9-ABE6A76CE463}.Debug|iPhone.ActiveCfg = Debug|iPhone
		{78E5186C-25EF-4370-8DF9-ABE6A76CE463}.Debug|iPhone.Build.0 = Debug|iPhone
		{78E5186C-25EF-4370-8DF9-ABE6A76CE463}.Debug|iPhoneSimulator.ActiveCfg = Debug|iPhoneSimulator
		{78E5186C-25EF-4370-8DF9-ABE6A76CE463}.Debug|iPhoneSimulator.Build.0 = Debug|iPhoneSimulator
		{78E5186C-25EF-4370-8DF9-ABE6A76CE463}.Debug|x64.ActiveCfg = Debug|iPhone
		{78E5186C-25EF-4370-8DF9-ABE6A76CE463}.Debug|x86.ActiveCfg = Debug|iPhone
		{78E5186C-25EF-4370-8DF9-ABE6A76CE463}.Release|Any CPU.ActiveCfg = Release|iPhone
		{78E5186C-25EF-4370-8DF9-ABE6A76CE463}.Release|ARM.ActiveCfg = Release|iPhone
		{78E5186C-25EF-4370-8DF9-ABE6A76CE463}.Release|iPhone.ActiveCfg = Release|iPhone
		{78E5186C-25EF-4370-8DF9-ABE6A76CE463}.Release|iPhone.Build.0 = Release|iPhone
		{78E5186C-25EF-4370-8DF9-ABE6A76CE463}.Release|iPhoneSimulator.ActiveCfg = Release|iPhoneSimulator
		{78E5186C-25EF-4370-8DF9-ABE6A76CE463}.Release|iPhoneSimulator.Build.0 = Release|iPhoneSimulator
		{78E5186C-25EF-4370-8DF9-ABE6A76CE463}.Release|x64.ActiveCfg = Release|iPhone
		{78E5186C-25EF-4370-8DF9-ABE6A76CE463}.Release|x86.ActiveCfg = Release|iPhone
		{9887650E-4180-4B1B-BAA4-9584BD30CF42}.Ad-Hoc|Any CPU.ActiveCfg = Release|Any CPU
		{9887650E-4180-4B1B-BAA4-9584BD30CF42}.Ad-Hoc|Any CPU.Build.0 = Release|Any CPU
		{9887650E-4180-4B1B-BAA4-9584BD30CF42}.Ad-Hoc|Any CPU.Deploy.0 = Release|Any CPU
		{9887650E-4180-4B1B-BAA4-9584BD30CF42}.Ad-Hoc|ARM.ActiveCfg = Release|ARM
		{9887650E-4180-4B1B-BAA4-9584BD30CF42}.Ad-Hoc|ARM.Build.0 = Release|ARM
		{9887650E-4180-4B1B-BAA4-9584BD30CF42}.Ad-Hoc|ARM.Deploy.0 = Release|ARM
		{9887650E-4180-4B1B-BAA4-9584BD30CF42}.Ad-Hoc|iPhone.ActiveCfg = Release|Any CPU
		{9887650E-4180-4B1B-BAA4-9584BD30CF42}.Ad-Hoc|iPhone.Build.0 = Release|Any CPU
		{9887650E-4180-4B1B-BAA4-9584BD30CF42}.Ad-Hoc|iPhone.Deploy.0 = Release|Any CPU
		{9887650E-4180-4B1B-BAA4-9584BD30CF42}.Ad-Hoc|iPhoneSimulator.ActiveCfg = Release|Any CPU
		{9887650E-4180-4B1B-BAA4-9584BD30CF42}.Ad-Hoc|iPhoneSimulator.Build.0 = Release|Any CPU
		{9887650E-4180-4B1B-BAA4-9584BD30CF42}.Ad-Hoc|iPhoneSimulator.Deploy.0 = Release|Any CPU
		{9887650E-4180-4B1B-BAA4-9584BD30CF42}.Ad-Hoc|x64.ActiveCfg = Release|Any CPU
		{9887650E-4180-4B1B-BAA4-9584BD30CF42}.Ad-Hoc|x64.Build.0 = Release|Any CPU
		{9887650E-4180-4B1B-BAA4-9584BD30CF42}.Ad-Hoc|x64.Deploy.0 = Release|Any CPU
		{9887650E-4180-4B1B-BAA4-9584BD30CF42}.Ad-Hoc|x86.ActiveCfg = Release|x86
		{9887650E-4180-4B1B-BAA4-9584BD30CF42}.Ad-Hoc|x86.Build.0 = Release|x86
		{9887650E-4180-4B1B-BAA4-9584BD30CF42}.Ad-Hoc|x86.Deploy.0 = Release|x86
		{9887650E-4180-4B1B-BAA4-9584BD30CF42}.AppStore|Any CPU.ActiveCfg = Release|Any CPU
		{9887650E-4180-4B1B-BAA4-9584BD30CF42}.AppStore|Any CPU.Build.0 = Release|Any CPU
		{9887650E-4180-4B1B-BAA4-9584BD30CF42}.AppStore|Any CPU.Deploy.0 = Release|Any CPU
		{9887650E-4180-4B1B-BAA4-9584BD30CF42}.AppStore|ARM.ActiveCfg = Release|ARM
		{9887650E-4180-4B1B-BAA4-9584BD30CF42}.AppStore|ARM.Build.0 = Release|ARM
		{9887650E-4180-4B1B-BAA4-9584BD30CF42}.AppStore|ARM.Deploy.0 = Release|ARM
		{9887650E-4180-4B1B-BAA4-9584BD30CF42}.AppStore|iPhone.ActiveCfg = Release|Any CPU
		{9887650E-4180-4B1B-BAA4-9584BD30CF42}.AppStore|iPhone.Build.0 = Release|Any CPU
		{9887650E-4180-4B1B-BAA4-9584BD30CF42}.AppStore|iPhone.Deploy.0 = Release|Any CPU
		{9887650E-4180-4B1B-BAA4-9584BD30CF42}.AppStore|iPhoneSimulator.ActiveCfg = Release|Any CPU
		{9887650E-4180-4B1B-BAA4-9584BD30CF42}.AppStore|iPhoneSimulator.Build.0 = Release|Any CPU
		{9887650E-4180-4B1B-BAA4-9584BD30CF42}.AppStore|iPhoneSimulator.Deploy.0 = Release|Any CPU
		{9887650E-4180-4B1B-BAA4-9584BD30CF42}.AppStore|x64.ActiveCfg = Release|Any CPU
		{9887650E-4180-4B1B-BAA4-9584BD30CF42}.AppStore|x64.Build.0 = Release|Any CPU
		{9887650E-4180-4B1B-BAA4-9584BD30CF42}.AppStore|x64.Deploy.0 = Release|Any CPU
		{9887650E-4180-4B1B-BAA4-9584BD30CF42}.AppStore|x86.ActiveCfg = Release|x86
		{9887650E-4180-4B1B-BAA4-9584BD30CF42}.AppStore|x86.Build.0 = Release|x86
		{9887650E-4180-4B1B-BAA4-9584BD30CF42}.AppStore|x86.Deploy.0 = Release|x86
		{9887650E-4180-4B1B-BAA4-9584BD30CF42}.Debug|Any CPU.ActiveCfg = Debug|Any CPU
		{9887650E-4180-4B1B-BAA4-9584BD30CF42}.Debug|Any CPU.Build.0 = Debug|Any CPU
		{9887650E-4180-4B1B-BAA4-9584BD30CF42}.Debug|Any CPU.Deploy.0 = Debug|Any CPU
		{9887650E-4180-4B1B-BAA4-9584BD30CF42}.Debug|ARM.ActiveCfg = Debug|ARM
		{9887650E-4180-4B1B-BAA4-9584BD30CF42}.Debug|ARM.Build.0 = Debug|ARM
		{9887650E-4180-4B1B-BAA4-9584BD30CF42}.Debug|ARM.Deploy.0 = Debug|ARM
		{9887650E-4180-4B1B-BAA4-9584BD30CF42}.Debug|iPhone.ActiveCfg = Debug|Any CPU
		{9887650E-4180-4B1B-BAA4-9584BD30CF42}.Debug|iPhone.Build.0 = Debug|Any CPU
		{9887650E-4180-4B1B-BAA4-9584BD30CF42}.Debug|iPhone.Deploy.0 = Debug|Any CPU
		{9887650E-4180-4B1B-BAA4-9584BD30CF42}.Debug|iPhoneSimulator.ActiveCfg = Debug|Any CPU
		{9887650E-4180-4B1B-BAA4-9584BD30CF42}.Debug|iPhoneSimulator.Build.0 = Debug|Any CPU
		{9887650E-4180-4B1B-BAA4-9584BD30CF42}.Debug|iPhoneSimulator.Deploy.0 = Debug|Any CPU
		{9887650E-4180-4B1B-BAA4-9584BD30CF42}.Debug|x64.ActiveCfg = Debug|Any CPU
		{9887650E-4180-4B1B-BAA4-9584BD30CF42}.Debug|x64.Build.0 = Debug|Any CPU
		{9887650E-4180-4B1B-BAA4-9584BD30CF42}.Debug|x64.Deploy.0 = Debug|Any CPU
		{9887650E-4180-4B1B-BAA4-9584BD30CF42}.Debug|x86.ActiveCfg = Debug|x86
		{9887650E-4180-4B1B-BAA4-9584BD30CF42}.Debug|x86.Build.0 = Debug|x86
		{9887650E-4180-4B1B-BAA4-9584BD30CF42}.Debug|x86.Deploy.0 = Debug|x86
		{9887650E-4180-4B1B-BAA4-9584BD30CF42}.Release|Any CPU.ActiveCfg = Release|Any CPU
		{9887650E-4180-4B1B-BAA4-9584BD30CF42}.Release|Any CPU.Build.0 = Release|Any CPU
		{9887650E-4180-4B1B-BAA4-9584BD30CF42}.Release|Any CPU.Deploy.0 = Release|Any CPU
		{9887650E-4180-4B1B-BAA4-9584BD30CF42}.Release|ARM.ActiveCfg = Release|ARM
		{9887650E-4180-4B1B-BAA4-9584BD30CF42}.Release|ARM.Build.0 = Release|ARM
		{9887650E-4180-4B1B-BAA4-9584BD30CF42}.Release|ARM.Deploy.0 = Release|ARM
		{9887650E-4180-4B1B-BAA4-9584BD30CF42}.Release|iPhone.ActiveCfg = Release|Any CPU
		{9887650E-4180-4B1B-BAA4-9584BD30CF42}.Release|iPhone.Build.0 = Release|Any CPU
		{9887650E-4180-4B1B-BAA4-9584BD30CF42}.Release|iPhone.Deploy.0 = Release|Any CPU
		{9887650E-4180-4B1B-BAA4-9584BD30CF42}.Release|iPhoneSimulator.ActiveCfg = Release|Any CPU
		{9887650E-4180-4B1B-BAA4-9584BD30CF42}.Release|iPhoneSimulator.Build.0 = Release|Any CPU
		{9887650E-4180-4B1B-BAA4-9584BD30CF42}.Release|iPhoneSimulator.Deploy.0 = Release|Any CPU
		{9887650E-4180-4B1B-BAA4-9584BD30CF42}.Release|x64.ActiveCfg = Release|Any CPU
		{9887650E-4180-4B1B-BAA4-9584BD30CF42}.Release|x64.Build.0 = Release|Any CPU
		{9887650E-4180-4B1B-BAA4-9584BD30CF42}.Release|x64.Deploy.0 = Release|Any CPU
		{9887650E-4180-4B1B-BAA4-9584BD30CF42}.Release|x86.ActiveCfg = Release|x86
		{9887650E-4180-4B1B-BAA4-9584BD30CF42}.Release|x86.Build.0 = Release|x86
		{9887650E-4180-4B1B-BAA4-9584BD30CF42}.Release|x86.Deploy.0 = Release|x86
		{555D2A09-8EAA-4B2A-8F5F-BB2B9D34535C}.Ad-Hoc|Any CPU.ActiveCfg = Release|x86
		{555D2A09-8EAA-4B2A-8F5F-BB2B9D34535C}.Ad-Hoc|Any CPU.Build.0 = Release|x86
		{555D2A09-8EAA-4B2A-8F5F-BB2B9D34535C}.Ad-Hoc|Any CPU.Deploy.0 = Release|x86
		{555D2A09-8EAA-4B2A-8F5F-BB2B9D34535C}.Ad-Hoc|ARM.ActiveCfg = Release|ARM
		{555D2A09-8EAA-4B2A-8F5F-BB2B9D34535C}.Ad-Hoc|ARM.Build.0 = Release|ARM
		{555D2A09-8EAA-4B2A-8F5F-BB2B9D34535C}.Ad-Hoc|ARM.Deploy.0 = Release|ARM
		{555D2A09-8EAA-4B2A-8F5F-BB2B9D34535C}.Ad-Hoc|iPhone.ActiveCfg = Release|x86
		{555D2A09-8EAA-4B2A-8F5F-BB2B9D34535C}.Ad-Hoc|iPhone.Build.0 = Release|x86
		{555D2A09-8EAA-4B2A-8F5F-BB2B9D34535C}.Ad-Hoc|iPhone.Deploy.0 = Release|x86
		{555D2A09-8EAA-4B2A-8F5F-BB2B9D34535C}.Ad-Hoc|iPhoneSimulator.ActiveCfg = Release|x86
		{555D2A09-8EAA-4B2A-8F5F-BB2B9D34535C}.Ad-Hoc|iPhoneSimulator.Build.0 = Release|x86
		{555D2A09-8EAA-4B2A-8F5F-BB2B9D34535C}.Ad-Hoc|iPhoneSimulator.Deploy.0 = Release|x86
		{555D2A09-8EAA-4B2A-8F5F-BB2B9D34535C}.Ad-Hoc|x64.ActiveCfg = Release|x64
		{555D2A09-8EAA-4B2A-8F5F-BB2B9D34535C}.Ad-Hoc|x64.Build.0 = Release|x64
		{555D2A09-8EAA-4B2A-8F5F-BB2B9D34535C}.Ad-Hoc|x64.Deploy.0 = Release|x64
		{555D2A09-8EAA-4B2A-8F5F-BB2B9D34535C}.Ad-Hoc|x86.ActiveCfg = Release|x86
		{555D2A09-8EAA-4B2A-8F5F-BB2B9D34535C}.Ad-Hoc|x86.Build.0 = Release|x86
		{555D2A09-8EAA-4B2A-8F5F-BB2B9D34535C}.Ad-Hoc|x86.Deploy.0 = Release|x86
		{555D2A09-8EAA-4B2A-8F5F-BB2B9D34535C}.AppStore|Any CPU.ActiveCfg = Release|x86
		{555D2A09-8EAA-4B2A-8F5F-BB2B9D34535C}.AppStore|Any CPU.Build.0 = Release|x86
		{555D2A09-8EAA-4B2A-8F5F-BB2B9D34535C}.AppStore|Any CPU.Deploy.0 = Release|x86
		{555D2A09-8EAA-4B2A-8F5F-BB2B9D34535C}.AppStore|ARM.ActiveCfg = Release|ARM
		{555D2A09-8EAA-4B2A-8F5F-BB2B9D34535C}.AppStore|ARM.Build.0 = Release|ARM
		{555D2A09-8EAA-4B2A-8F5F-BB2B9D34535C}.AppStore|ARM.Deploy.0 = Release|ARM
		{555D2A09-8EAA-4B2A-8F5F-BB2B9D34535C}.AppStore|iPhone.ActiveCfg = Release|x86
		{555D2A09-8EAA-4B2A-8F5F-BB2B9D34535C}.AppStore|iPhone.Build.0 = Release|x86
		{555D2A09-8EAA-4B2A-8F5F-BB2B9D34535C}.AppStore|iPhone.Deploy.0 = Release|x86
		{555D2A09-8EAA-4B2A-8F5F-BB2B9D34535C}.AppStore|iPhoneSimulator.ActiveCfg = Release|x86
		{555D2A09-8EAA-4B2A-8F5F-BB2B9D34535C}.AppStore|iPhoneSimulator.Build.0 = Release|x86
		{555D2A09-8EAA-4B2A-8F5F-BB2B9D34535C}.AppStore|iPhoneSimulator.Deploy.0 = Release|x86
		{555D2A09-8EAA-4B2A-8F5F-BB2B9D34535C}.AppStore|x64.ActiveCfg = Release|x64
		{555D2A09-8EAA-4B2A-8F5F-BB2B9D34535C}.AppStore|x64.Build.0 = Release|x64
		{555D2A09-8EAA-4B2A-8F5F-BB2B9D34535C}.AppStore|x64.Deploy.0 = Release|x64
		{555D2A09-8EAA-4B2A-8F5F-BB2B9D34535C}.AppStore|x86.ActiveCfg = Release|x86
		{555D2A09-8EAA-4B2A-8F5F-BB2B9D34535C}.AppStore|x86.Build.0 = Release|x86
		{555D2A09-8EAA-4B2A-8F5F-BB2B9D34535C}.AppStore|x86.Deploy.0 = Release|x86
		{555D2A09-8EAA-4B2A-8F5F-BB2B9D34535C}.Debug|Any CPU.ActiveCfg = Debug|x86
		{555D2A09-8EAA-4B2A-8F5F-BB2B9D34535C}.Debug|ARM.ActiveCfg = Debug|ARM
		{555D2A09-8EAA-4B2A-8F5F-BB2B9D34535C}.Debug|ARM.Build.0 = Debug|ARM
		{555D2A09-8EAA-4B2A-8F5F-BB2B9D34535C}.Debug|ARM.Deploy.0 = Debug|ARM
		{555D2A09-8EAA-4B2A-8F5F-BB2B9D34535C}.Debug|iPhone.ActiveCfg = Debug|x86
		{555D2A09-8EAA-4B2A-8F5F-BB2B9D34535C}.Debug|iPhoneSimulator.ActiveCfg = Debug|x86
		{555D2A09-8EAA-4B2A-8F5F-BB2B9D34535C}.Debug|x64.ActiveCfg = Debug|x64
		{555D2A09-8EAA-4B2A-8F5F-BB2B9D34535C}.Debug|x64.Build.0 = Debug|x64
		{555D2A09-8EAA-4B2A-8F5F-BB2B9D34535C}.Debug|x64.Deploy.0 = Debug|x64
		{555D2A09-8EAA-4B2A-8F5F-BB2B9D34535C}.Debug|x86.ActiveCfg = Debug|x86
		{555D2A09-8EAA-4B2A-8F5F-BB2B9D34535C}.Debug|x86.Build.0 = Debug|x86
		{555D2A09-8EAA-4B2A-8F5F-BB2B9D34535C}.Debug|x86.Deploy.0 = Debug|x86
		{555D2A09-8EAA-4B2A-8F5F-BB2B9D34535C}.Release|Any CPU.ActiveCfg = Release|x86
		{555D2A09-8EAA-4B2A-8F5F-BB2B9D34535C}.Release|ARM.ActiveCfg = Release|ARM
		{555D2A09-8EAA-4B2A-8F5F-BB2B9D34535C}.Release|ARM.Build.0 = Release|ARM
		{555D2A09-8EAA-4B2A-8F5F-BB2B9D34535C}.Release|ARM.Deploy.0 = Release|ARM
		{555D2A09-8EAA-4B2A-8F5F-BB2B9D34535C}.Release|iPhone.ActiveCfg = Release|x86
		{555D2A09-8EAA-4B2A-8F5F-BB2B9D34535C}.Release|iPhoneSimulator.ActiveCfg = Release|x86
		{555D2A09-8EAA-4B2A-8F5F-BB2B9D34535C}.Release|x64.ActiveCfg = Release|x64
		{555D2A09-8EAA-4B2A-8F5F-BB2B9D34535C}.Release|x64.Build.0 = Release|x64
		{555D2A09-8EAA-4B2A-8F5F-BB2B9D34535C}.Release|x64.Deploy.0 = Release|x64
		{555D2A09-8EAA-4B2A-8F5F-BB2B9D34535C}.Release|x86.ActiveCfg = Release|x86
		{555D2A09-8EAA-4B2A-8F5F-BB2B9D34535C}.Release|x86.Build.0 = Release|x86
		{555D2A09-8EAA-4B2A-8F5F-BB2B9D34535C}.Release|x86.Deploy.0 = Release|x86
		{5FDF1F26-850F-4749-B518-CA89D608E9B7}.Ad-Hoc|Any CPU.ActiveCfg = Release|Any CPU
		{5FDF1F26-850F-4749-B518-CA89D608E9B7}.Ad-Hoc|Any CPU.Build.0 = Release|Any CPU
		{5FDF1F26-850F-4749-B518-CA89D608E9B7}.Ad-Hoc|Any CPU.Deploy.0 = Release|Any CPU
		{5FDF1F26-850F-4749-B518-CA89D608E9B7}.Ad-Hoc|ARM.ActiveCfg = Release|ARM
		{5FDF1F26-850F-4749-B518-CA89D608E9B7}.Ad-Hoc|ARM.Build.0 = Release|ARM
		{5FDF1F26-850F-4749-B518-CA89D608E9B7}.Ad-Hoc|ARM.Deploy.0 = Release|ARM
		{5FDF1F26-850F-4749-B518-CA89D608E9B7}.Ad-Hoc|iPhone.ActiveCfg = Release|Any CPU
		{5FDF1F26-850F-4749-B518-CA89D608E9B7}.Ad-Hoc|iPhone.Build.0 = Release|Any CPU
		{5FDF1F26-850F-4749-B518-CA89D608E9B7}.Ad-Hoc|iPhone.Deploy.0 = Release|Any CPU
		{5FDF1F26-850F-4749-B518-CA89D608E9B7}.Ad-Hoc|iPhoneSimulator.ActiveCfg = Release|Any CPU
		{5FDF1F26-850F-4749-B518-CA89D608E9B7}.Ad-Hoc|iPhoneSimulator.Build.0 = Release|Any CPU
		{5FDF1F26-850F-4749-B518-CA89D608E9B7}.Ad-Hoc|iPhoneSimulator.Deploy.0 = Release|Any CPU
		{5FDF1F26-850F-4749-B518-CA89D608E9B7}.Ad-Hoc|x64.ActiveCfg = Release|x64
		{5FDF1F26-850F-4749-B518-CA89D608E9B7}.Ad-Hoc|x64.Build.0 = Release|x64
		{5FDF1F26-850F-4749-B518-CA89D608E9B7}.Ad-Hoc|x64.Deploy.0 = Release|x64
		{5FDF1F26-850F-4749-B518-CA89D608E9B7}.Ad-Hoc|x86.ActiveCfg = Release|x86
		{5FDF1F26-850F-4749-B518-CA89D608E9B7}.Ad-Hoc|x86.Build.0 = Release|x86
		{5FDF1F26-850F-4749-B518-CA89D608E9B7}.Ad-Hoc|x86.Deploy.0 = Release|x86
		{5FDF1F26-850F-4749-B518-CA89D608E9B7}.AppStore|Any CPU.ActiveCfg = Release|Any CPU
		{5FDF1F26-850F-4749-B518-CA89D608E9B7}.AppStore|Any CPU.Build.0 = Release|Any CPU
		{5FDF1F26-850F-4749-B518-CA89D608E9B7}.AppStore|Any CPU.Deploy.0 = Release|Any CPU
		{5FDF1F26-850F-4749-B518-CA89D608E9B7}.AppStore|ARM.ActiveCfg = Release|ARM
		{5FDF1F26-850F-4749-B518-CA89D608E9B7}.AppStore|ARM.Build.0 = Release|ARM
		{5FDF1F26-850F-4749-B518-CA89D608E9B7}.AppStore|ARM.Deploy.0 = Release|ARM
		{5FDF1F26-850F-4749-B518-CA89D608E9B7}.AppStore|iPhone.ActiveCfg = Release|Any CPU
		{5FDF1F26-850F-4749-B518-CA89D608E9B7}.AppStore|iPhone.Build.0 = Release|Any CPU
		{5FDF1F26-850F-4749-B518-CA89D608E9B7}.AppStore|iPhone.Deploy.0 = Release|Any CPU
		{5FDF1F26-850F-4749-B518-CA89D608E9B7}.AppStore|iPhoneSimulator.ActiveCfg = Release|Any CPU
		{5FDF1F26-850F-4749-B518-CA89D608E9B7}.AppStore|iPhoneSimulator.Build.0 = Release|Any CPU
		{5FDF1F26-850F-4749-B518-CA89D608E9B7}.AppStore|iPhoneSimulator.Deploy.0 = Release|Any CPU
		{5FDF1F26-850F-4749-B518-CA89D608E9B7}.AppStore|x64.ActiveCfg = Release|x64
		{5FDF1F26-850F-4749-B518-CA89D608E9B7}.AppStore|x64.Build.0 = Release|x64
		{5FDF1F26-850F-4749-B518-CA89D608E9B7}.AppStore|x64.Deploy.0 = Release|x64
		{5FDF1F26-850F-4749-B518-CA89D608E9B7}.AppStore|x86.ActiveCfg = Release|x86
		{5FDF1F26-850F-4749-B518-CA89D608E9B7}.AppStore|x86.Build.0 = Release|x86
		{5FDF1F26-850F-4749-B518-CA89D608E9B7}.AppStore|x86.Deploy.0 = Release|x86
		{5FDF1F26-850F-4749-B518-CA89D608E9B7}.Debug|Any CPU.ActiveCfg = Debug|Any CPU
		{5FDF1F26-850F-4749-B518-CA89D608E9B7}.Debug|Any CPU.Build.0 = Debug|Any CPU
		{5FDF1F26-850F-4749-B518-CA89D608E9B7}.Debug|Any CPU.Deploy.0 = Debug|Any CPU
		{5FDF1F26-850F-4749-B518-CA89D608E9B7}.Debug|ARM.ActiveCfg = Debug|ARM
		{5FDF1F26-850F-4749-B518-CA89D608E9B7}.Debug|ARM.Build.0 = Debug|ARM
		{5FDF1F26-850F-4749-B518-CA89D608E9B7}.Debug|ARM.Deploy.0 = Debug|ARM
		{5FDF1F26-850F-4749-B518-CA89D608E9B7}.Debug|iPhone.ActiveCfg = Debug|Any CPU
		{5FDF1F26-850F-4749-B518-CA89D608E9B7}.Debug|iPhone.Build.0 = Debug|Any CPU
		{5FDF1F26-850F-4749-B518-CA89D608E9B7}.Debug|iPhone.Deploy.0 = Debug|Any CPU
		{5FDF1F26-850F-4749-B518-CA89D608E9B7}.Debug|iPhoneSimulator.ActiveCfg = Debug|Any CPU
		{5FDF1F26-850F-4749-B518-CA89D608E9B7}.Debug|iPhoneSimulator.Build.0 = Debug|Any CPU
		{5FDF1F26-850F-4749-B518-CA89D608E9B7}.Debug|iPhoneSimulator.Deploy.0 = Debug|Any CPU
		{5FDF1F26-850F-4749-B518-CA89D608E9B7}.Debug|x64.ActiveCfg = Debug|x64
		{5FDF1F26-850F-4749-B518-CA89D608E9B7}.Debug|x64.Build.0 = Debug|x64
		{5FDF1F26-850F-4749-B518-CA89D608E9B7}.Debug|x64.Deploy.0 = Debug|x64
		{5FDF1F26-850F-4749-B518-CA89D608E9B7}.Debug|x86.ActiveCfg = Debug|x86
		{5FDF1F26-850F-4749-B518-CA89D608E9B7}.Debug|x86.Build.0 = Debug|x86
		{5FDF1F26-850F-4749-B518-CA89D608E9B7}.Debug|x86.Deploy.0 = Debug|x86
		{5FDF1F26-850F-4749-B518-CA89D608E9B7}.Release|Any CPU.ActiveCfg = Release|Any CPU
		{5FDF1F26-850F-4749-B518-CA89D608E9B7}.Release|Any CPU.Build.0 = Release|Any CPU
		{5FDF1F26-850F-4749-B518-CA89D608E9B7}.Release|Any CPU.Deploy.0 = Release|Any CPU
		{5FDF1F26-850F-4749-B518-CA89D608E9B7}.Release|ARM.ActiveCfg = Release|ARM
		{5FDF1F26-850F-4749-B518-CA89D608E9B7}.Release|ARM.Build.0 = Release|ARM
		{5FDF1F26-850F-4749-B518-CA89D608E9B7}.Release|ARM.Deploy.0 = Release|ARM
		{5FDF1F26-850F-4749-B518-CA89D608E9B7}.Release|iPhone.ActiveCfg = Release|Any CPU
		{5FDF1F26-850F-4749-B518-CA89D608E9B7}.Release|iPhone.Build.0 = Release|Any CPU
		{5FDF1F26-850F-4749-B518-CA89D608E9B7}.Release|iPhone.Deploy.0 = Release|Any CPU
		{5FDF1F26-850F-4749-B518-CA89D608E9B7}.Release|iPhoneSimulator.ActiveCfg = Release|Any CPU
		{5FDF1F26-850F-4749-B518-CA89D608E9B7}.Release|iPhoneSimulator.Build.0 = Release|Any CPU
		{5FDF1F26-850F-4749-B518-CA89D608E9B7}.Release|iPhoneSimulator.Deploy.0 = Release|Any CPU
		{5FDF1F26-850F-4749-B518-CA89D608E9B7}.Release|x64.ActiveCfg = Release|x64
		{5FDF1F26-850F-4749-B518-CA89D608E9B7}.Release|x64.Build.0 = Release|x64
		{5FDF1F26-850F-4749-B518-CA89D608E9B7}.Release|x64.Deploy.0 = Release|x64
		{5FDF1F26-850F-4749-B518-CA89D608E9B7}.Release|x86.ActiveCfg = Release|x86
		{5FDF1F26-850F-4749-B518-CA89D608E9B7}.Release|x86.Build.0 = Release|x86
		{5FDF1F26-850F-4749-B518-CA89D608E9B7}.Release|x86.Deploy.0 = Release|x86
	EndGlobalSection
	GlobalSection(SolutionProperties) = preSolution
		HideSolutionNode = FALSE
	EndGlobalSection
EndGlobal
